
Microsoft Visual Studio Solution File, Format Version 12.00
# Visual Studio Version 18
VisualStudioVersion = 18.2.11415.280
MinimumVisualStudioVersion = 10.0.40219.1
Project("{2150E333-8FDC-42A3-9474-1A3956D46DE8}") = "Catalog", "Catalog", "{02EA681E-C7D8-13C7-8484-4AC65E1B71E8}"
EndProject
Project("{FAE04EC0-301F-11D3-BF4B-00C04F79EFBC}") = "Udemy.Catalog.API", "Catalog\Udemy.Catalog.API\Udemy.Catalog.API.csproj", "{D46B325A-E93F-4D74-B8BA-E9CAA4EB8E4B}"
EndProject
Project("{2150E333-8FDC-42A3-9474-1A3956D46DE8}") = "IdentityServer", "IdentityServer", "{89E70E4D-60E5-445F-BC16-42E232423E6C}"
EndProject
Project("{FAE04EC0-301F-11D3-BF4B-00C04F79EFBC}") = "Udemy.IdentityServer", "IdentityServer\Udemy.IdentityServer\Udemy.IdentityServer.csproj", "{AB532C0F-928C-4532-832C-F6DEF04BBC72}"
EndProject
Project("{2150E333-8FDC-42A3-9474-1A3956D46DE8}") = "Basket", "Basket", "{CA576EA9-7AB7-487B-BEF3-B770CAD25684}"
EndProject
Project("{FAE04EC0-301F-11D3-BF4B-00C04F79EFBC}") = "Udemy.Basket.API", "Basket\Udemy.Basket.API\Udemy.Basket.API.csproj", "{C54D5DE7-2FD6-4822-8E61-54DED21D1F28}"
EndProject
Project("{2150E333-8FDC-42A3-9474-1A3956D46DE8}") = "FakePayment", "FakePayment", "{5DCA0B27-5D6A-41E8-88EA-5786F9227FAE}"
EndProject
Project("{FAE04EC0-301F-11D3-BF4B-00C04F79EFBC}") = "Udemy.FakePayment.API", "FakePayment\Udemy.FakePayment.API\Udemy.FakePayment.API.csproj", "{313DCF4C-F42F-4330-99A9-F3FE8022FF3F}"
EndProject
Project("{2150E333-8FDC-42A3-9474-1A3956D46DE8}") = "Discount", "Discount", "{335B1F4B-B8D9-4B03-8B66-701C65EC4AE5}"
EndProject
Project("{FAE04EC0-301F-11D3-BF4B-00C04F79EFBC}") = "Udemy.Discount.API", "Discount\Udemy.Discount.API\Udemy.Discount.API.csproj", "{4257CC9B-8204-4850-AC3F-43FE5D9058B9}"
EndProject
Project("{FAE04EC0-301F-11D3-BF4B-00C04F79EFBC}") = "Udemy.PhotoStock.API", "PhotoStock\Udemy.PhotoStock.API\Udemy.PhotoStock.API.csproj", "{125EFE39-6AB8-9C34-65E5-34C214D8A9A1}"
EndProject
Project("{2150E333-8FDC-42A3-9474-1A3956D46DE8}") = "Order", "Order", "{E23A0DE4-6B04-4BB2-9164-1966D0230A06}"
EndProject
Project("{FAE04EC0-301F-11D3-BF4B-00C04F79EFBC}") = "Udemy.Order.API", "Order\Udemy.Order.API\Udemy.Order.API.csproj", "{02505369-8ED3-47DB-9A8F-EC0052353AFB}"
EndProject
Project("{FAE04EC0-301F-11D3-BF4B-00C04F79EFBC}") = "Udemy.Order.Application", "Order\Udemy.Order.Application\Udemy.Order.Application.csproj", "{133AE041-2A1D-41C7-B905-D790E0F19A1F}"
EndProject
Project("{FAE04EC0-301F-11D3-BF4B-00C04F79EFBC}") = "Udemy.Order.Domain", "Order\Udemy.Order.Domain\Udemy.Order.Domain.csproj", "{1FE72125-F5C8-41CB-A42B-CDB7CD028F39}"
EndProject
Project("{FAE04EC0-301F-11D3-BF4B-00C04F79EFBC}") = "Udemy.Order.Infrastructure", "Order\Udemy.Order.Infrastructure\Udemy.Order.Infrastructure.csproj", "{1F30D14F-5BB1-4800-BD32-3FF51A259E16}"
EndProject
Project("{FAE04EC0-301F-11D3-BF4B-00C04F79EFBC}") = "Udemy.Gateway", "Udemy.Gateway\Udemy.Gateway.csproj", "{248E7860-3E8F-9EE5-4D64-90E9D049D172}"
EndProject
Project("{FAE04EC0-301F-11D3-BF4B-00C04F79EFBC}") = "Udemy.WebUI", "Udemy.WebUI\Udemy.WebUI.csproj", "{4ECE8357-7F82-2254-B6A4-2448963605A5}"
EndProject
Project("{FAE04EC0-301F-11D3-BF4B-00C04F79EFBC}") = "Udemy.Shared", "Udemy.Shared\Udemy.Shared.csproj", "{9CB318E6-70A5-4ED0-9C9E-AE16A21A82ED}"
EndProject
Project("{2150E333-8FDC-42A3-9474-1A3956D46DE8}") = "Invoice", "Invoice", "{215B2270-64BE-4E92-A059-4775576E31E9}"
EndProject
Project("{FAE04EC0-301F-11D3-BF4B-00C04F79EFBC}") = "Udemy.Invoice.API", "Invoice\Udemy.Invoice.API\Udemy.Invoice.API.csproj", "{3D0631B6-0DBB-401F-AC2A-F66AE350D3B5}"
EndProject
Project("{FAE04EC0-301F-11D3-BF4B-00C04F79EFBC}") = "Udemy.NewIdentityServer", "Udemy.NewIdentityServer\Udemy.NewIdentityServer.csproj", "{280AF68A-82B5-4367-B2A1-16644DD19DF1}"
EndProject
Project("{2150E333-8FDC-42A3-9474-1A3956D46DE8}") = "Services", "Services", "{527D9F56-8542-4C12-ACFB-5D336F7497F9}"
EndProject
Global
	GlobalSection(SolutionConfigurationPlatforms) = preSolution
		Debug|Any CPU = Debug|Any CPU
		Release|Any CPU = Release|Any CPU
	EndGlobalSection
	GlobalSection(ProjectConfigurationPlatforms) = postSolution
		{D46B325A-E93F-4D74-B8BA-E9CAA4EB8E4B}.Debug|Any CPU.ActiveCfg = Debug|Any CPU
		{D46B325A-E93F-4D74-B8BA-E9CAA4EB8E4B}.Debug|Any CPU.Build.0 = Debug|Any CPU
		{D46B325A-E93F-4D74-B8BA-E9CAA4EB8E4B}.Release|Any CPU.ActiveCfg = Release|Any CPU
		{D46B325A-E93F-4D74-B8BA-E9CAA4EB8E4B}.Release|Any CPU.Build.0 = Release|Any CPU
		{AB532C0F-928C-4532-832C-F6DEF04BBC72}.Debug|Any CPU.ActiveCfg = Debug|Any CPU
		{AB532C0F-928C-4532-832C-F6DEF04BBC72}.Debug|Any CPU.Build.0 = Debug|Any CPU
		{AB532C0F-928C-4532-832C-F6DEF04BBC72}.Release|Any CPU.ActiveCfg = Release|Any CPU
		{AB532C0F-928C-4532-832C-F6DEF04BBC72}.Release|Any CPU.Build.0 = Release|Any CPU
		{C54D5DE7-2FD6-4822-8E61-54DED21D1F28}.Debug|Any CPU.ActiveCfg = Debug|Any CPU
		{C54D5DE7-2FD6-4822-8E61-54DED21D1F28}.Debug|Any CPU.Build.0 = Debug|Any CPU
		{C54D5DE7-2FD6-4822-8E61-54DED21D1F28}.Release|Any CPU.ActiveCfg = Release|Any CPU
		{C54D5DE7-2FD6-4822-8E61-54DED21D1F28}.Release|Any CPU.Build.0 = Release|Any CPU
		{313DCF4C-F42F-4330-99A9-F3FE8022FF3F}.Debug|Any CPU.ActiveCfg = Debug|Any CPU
		{313DCF4C-F42F-4330-99A9-F3FE8022FF3F}.Debug|Any CPU.Build.0 = Debug|Any CPU
		{313DCF4C-F42F-4330-99A9-F3FE8022FF3F}.Release|Any CPU.ActiveCfg = Release|Any CPU
		{313DCF4C-F42F-4330-99A9-F3FE8022FF3F}.Release|Any CPU.Build.0 = Release|Any CPU
		{4257CC9B-8204-4850-AC3F-43FE5D9058B9}.Debug|Any CPU.ActiveCfg = Debug|Any CPU
		{4257CC9B-8204-4850-AC3F-43FE5D9058B9}.Debug|Any CPU.Build.0 = Debug|Any CPU
		{4257CC9B-8204-4850-AC3F-43FE5D9058B9}.Release|Any CPU.ActiveCfg = Release|Any CPU
		{4257CC9B-8204-4850-AC3F-43FE5D9058B9}.Release|Any CPU.Build.0 = Release|Any CPU
		{125EFE39-6AB8-9C34-65E5-34C214D8A9A1}.Debug|Any CPU.ActiveCfg = Debug|Any CPU
		{125EFE39-6AB8-9C34-65E5-34C214D8A9A1}.Debug|Any CPU.Build.0 = Debug|Any CPU
		{125EFE39-6AB8-9C34-65E5-34C214D8A9A1}.Release|Any CPU.ActiveCfg = Release|Any CPU
		{125EFE39-6AB8-9C34-65E5-34C214D8A9A1}.Release|Any CPU.Build.0 = Release|Any CPU
		{02505369-8ED3-47DB-9A8F-EC0052353AFB}.Debug|Any CPU.ActiveCfg = Debug|Any CPU
		{02505369-8ED3-47DB-9A8F-EC0052353AFB}.Debug|Any CPU.Build.0 = Debug|Any CPU
		{02505369-8ED3-47DB-9A8F-EC0052353AFB}.Release|Any CPU.ActiveCfg = Release|Any CPU
		{02505369-8ED3-47DB-9A8F-EC0052353AFB}.Release|Any CPU.Build.0 = Release|Any CPU
		{133AE041-2A1D-41C7-B905-D790E0F19A1F}.Debug|Any CPU.ActiveCfg = Debug|Any CPU
		{133AE041-2A1D-41C7-B905-D790E0F19A1F}.Debug|Any CPU.Build.0 = Debug|Any CPU
		{133AE041-2A1D-41C7-B905-D790E0F19A1F}.Release|Any CPU.ActiveCfg = Release|Any CPU
		{133AE041-2A1D-41C7-B905-D790E0F19A1F}.Release|Any CPU.Build.0 = Release|Any CPU
		{1FE72125-F5C8-41CB-A42B-CDB7CD028F39}.Debug|Any CPU.ActiveCfg = Debug|Any CPU
		{1FE72125-F5C8-41CB-A42B-CDB7CD028F39}.Debug|Any CPU.Build.0 = Debug|Any CPU
		{1FE72125-F5C8-41CB-A42B-CDB7CD028F39}.Release|Any CPU.ActiveCfg = Release|Any CPU
		{1FE72125-F5C8-41CB-A42B-CDB7CD028F39}.Release|Any CPU.Build.0 = Release|Any CPU
		{1F30D14F-5BB1-4800-BD32-3FF51A259E16}.Debug|Any CPU.ActiveCfg = Debug|Any CPU
		{1F30D14F-5BB1-4800-BD32-3FF51A259E16}.Debug|Any CPU.Build.0 = Debug|Any CPU
		{1F30D14F-5BB1-4800-BD32-3FF51A259E16}.Release|Any CPU.ActiveCfg = Release|Any CPU
		{1F30D14F-5BB1-4800-BD32-3FF51A259E16}.Release|Any CPU.Build.0 = Release|Any CPU
		{248E7860-3E8F-9EE5-4D64-90E9D049D172}.Debug|Any CPU.ActiveCfg = Debug|Any CPU
		{248E7860-3E8F-9EE5-4D64-90E9D049D172}.Debug|Any CPU.Build.0 = Debug|Any CPU
		{248E7860-3E8F-9EE5-4D64-90E9D049D172}.Release|Any CPU.ActiveCfg = Release|Any CPU
		{248E7860-3E8F-9EE5-4D64-90E9D049D172}.Release|Any CPU.Build.0 = Release|Any CPU
		{4ECE8357-7F82-2254-B6A4-2448963605A5}.Debug|Any CPU.ActiveCfg = Debug|Any CPU
		{4ECE8357-7F82-2254-B6A4-2448963605A5}.Debug|Any CPU.Build.0 = Debug|Any CPU
		{4ECE8357-7F82-2254-B6A4-2448963605A5}.Release|Any CPU.ActiveCfg = Release|Any CPU
		{4ECE8357-7F82-2254-B6A4-2448963605A5}.Release|Any CPU.Build.0 = Release|Any CPU
		{9CB318E6-70A5-4ED0-9C9E-AE16A21A82ED}.Debug|Any CPU.ActiveCfg = Debug|Any CPU
		{9CB318E6-70A5-4ED0-9C9E-AE16A21A82ED}.Debug|Any CPU.Build.0 = Debug|Any CPU
		{9CB318E6-70A5-4ED0-9C9E-AE16A21A82ED}.Release|Any CPU.ActiveCfg = Release|Any CPU
		{9CB318E6-70A5-4ED0-9C9E-AE16A21A82ED}.Release|Any CPU.Build.0 = Release|Any CPU
		{3D0631B6-0DBB-401F-AC2A-F66AE350D3B5}.Debug|Any CPU.ActiveCfg = Debug|Any CPU
		{3D0631B6-0DBB-401F-AC2A-F66AE350D3B5}.Debug|Any CPU.Build.0 = Debug|Any CPU
		{3D0631B6-0DBB-401F-AC2A-F66AE350D3B5}.Release|Any CPU.ActiveCfg = Release|Any CPU
		{3D0631B6-0DBB-401F-AC2A-F66AE350D3B5}.Release|Any CPU.Build.0 = Release|Any CPU
		{280AF68A-82B5-4367-B2A1-16644DD19DF1}.Debug|Any CPU.ActiveCfg = Debug|Any CPU
		{280AF68A-82B5-4367-B2A1-16644DD19DF1}.Debug|Any CPU.Build.0 = Debug|Any CPU
		{280AF68A-82B5-4367-B2A1-16644DD19DF1}.Release|Any CPU.ActiveCfg = Release|Any CPU
		{280AF68A-82B5-4367-B2A1-16644DD19DF1}.Release|Any CPU.Build.0 = Release|Any CPU
	EndGlobalSection
	GlobalSection(SolutionProperties) = preSolution
		HideSolutionNode = FALSE
	EndGlobalSection
	GlobalSection(NestedProjects) = preSolution
		{02EA681E-C7D8-13C7-8484-4AC65E1B71E8} = {527D9F56-8542-4C12-ACFB-5D336F7497F9}
		{D46B325A-E93F-4D74-B8BA-E9CAA4EB8E4B} = {02EA681E-C7D8-13C7-8484-4AC65E1B71E8}
		{AB532C0F-928C-4532-832C-F6DEF04BBC72} = {89E70E4D-60E5-445F-BC16-42E232423E6C}
		{CA576EA9-7AB7-487B-BEF3-B770CAD25684} = {527D9F56-8542-4C12-ACFB-5D336F7497F9}
		{C54D5DE7-2FD6-4822-8E61-54DED21D1F28} = {CA576EA9-7AB7-487B-BEF3-B770CAD25684}
		{5DCA0B27-5D6A-41E8-88EA-5786F9227FAE} = {527D9F56-8542-4C12-ACFB-5D336F7497F9}
		{313DCF4C-F42F-4330-99A9-F3FE8022FF3F} = {5DCA0B27-5D6A-41E8-88EA-5786F9227FAE}
		{335B1F4B-B8D9-4B03-8B66-701C65EC4AE5} = {527D9F56-8542-4C12-ACFB-5D336F7497F9}
		{4257CC9B-8204-4850-AC3F-43FE5D9058B9} = {335B1F4B-B8D9-4B03-8B66-701C65EC4AE5}
		{125EFE39-6AB8-9C34-65E5-34C214D8A9A1} = {527D9F56-8542-4C12-ACFB-5D336F7497F9}
		{E23A0DE4-6B04-4BB2-9164-1966D0230A06} = {527D9F56-8542-4C12-ACFB-5D336F7497F9}
		{02505369-8ED3-47DB-9A8F-EC0052353AFB} = {E23A0DE4-6B04-4BB2-9164-1966D0230A06}
		{133AE041-2A1D-41C7-B905-D790E0F19A1F} = {E23A0DE4-6B04-4BB2-9164-1966D0230A06}
		{1FE72125-F5C8-41CB-A42B-CDB7CD028F39} = {E23A0DE4-6B04-4BB2-9164-1966D0230A06}
		{1F30D14F-5BB1-4800-BD32-3FF51A259E16} = {E23A0DE4-6B04-4BB2-9164-1966D0230A06}
		{215B2270-64BE-4E92-A059-4775576E31E9} = {527D9F56-8542-4C12-ACFB-5D336F7497F9}
		{3D0631B6-0DBB-401F-AC2A-F66AE350D3B5} = {215B2270-64BE-4E92-A059-4775576E31E9}
	EndGlobalSection
	GlobalSection(ExtensibilityGlobals) = postSolution
		SolutionGuid = {311BED30-4004-4675-A0CC-F501BD84F5E0}
	EndGlobalSection
EndGlobal
